
Microsoft Visual Studio Solution File, Format Version 12.00
# Visual Studio Version 17
VisualStudioVersion = 17.13.35818.85
MinimumVisualStudioVersion = 10.0.40219.1
Project("{8BC9CEB8-8B4A-11D0-8D11-00A0C91BC942}") = "Project1", "Project1\Project1.vcxproj", "{07AF2DDC-D75A-479B-8E43-897ED5F66B67}"
EndProject
Project("{8BC9CEB8-8B4A-11D0-8D11-00A0C91BC942}") = "最大值", "最大值\最大值.vcxproj", "{454DA6ED-3841-4D35-832F-6937FB422380}"
EndProject
Project("{8BC9CEB8-8B4A-11D0-8D11-00A0C91BC942}") = "最小值", "最小值\最小值.vcxproj", "{261CD98A-F403-4F11-889D-DA78C290306A}"
EndProject
Project("{8BC9CEB8-8B4A-11D0-8D11-00A0C91BC942}") = "数组排序", "数组排序\数组排序.vcxproj", "{9B287E82-06DF-414E-8509-66E81CA342D5}"
EndProject
Project("{8BC9CEB8-8B4A-11D0-8D11-00A0C91BC942}") = "亮灯", "亮灯\亮灯.vcxproj", "{81D28D14-A885-4254-9C95-F31778DCABD5}"
EndProject
Project("{8BC9CEB8-8B4A-11D0-8D11-00A0C91BC942}") = "年份", "年份\年份.vcxproj", "{A874B67C-16A3-437B-A1B8-C6711F6E9974}"
EndProject
Project("{8BC9CEB8-8B4A-11D0-8D11-00A0C91BC942}") = "成绩", "成绩\成绩.vcxproj", "{3D42A01F-46CE-46D3-9BEC-3E4647D9266F}"
EndProject
Project("{8BC9CEB8-8B4A-11D0-8D11-00A0C91BC942}") = "成绩排序", "成绩排序\成绩排序.vcxproj", "{B097E1E5-C535-4937-87F2-FAF7AD1D7211}"
EndProject
Project("{8BC9CEB8-8B4A-11D0-8D11-00A0C91BC942}") = "汉诺塔C", "汉诺塔C\汉诺塔C.vcxproj", "{891064D2-9C1B-46A7-8371-C573DC274C7C}"
EndProject
Project("{8BC9CEB8-8B4A-11D0-8D11-00A0C91BC942}") = "汉诺塔", "汉诺塔\汉诺塔.vcxproj", "{DBD2134A-CF0B-4647-9FE6-B9C8EB3F55B7}"
EndProject
Project("{8BC9CEB8-8B4A-11D0-8D11-00A0C91BC942}") = "demo", "demo\demo.vcxproj", "{C1F10423-6AAC-4564-A813-C126DE901DEF}"
EndProject
Project("{8BC9CEB8-8B4A-11D0-8D11-00A0C91BC942}") = "demoC", "demoC\demoC.vcxproj", "{7A7FA202-8778-443E-949A-78CB4E22819B}"
EndProject
Project("{8BC9CEB8-8B4A-11D0-8D11-00A0C91BC942}") = "汉诺塔过程", "汉诺塔过程\汉诺塔过程.vcxproj", "{C0288C60-10B6-404B-A4AF-857183261846}"
EndProject
Project("{8BC9CEB8-8B4A-11D0-8D11-00A0C91BC942}") = "二进制小数", "二进制小数\二进制小数.vcxproj", "{8A133990-7D5D-4A02-AEA2-EAC73C5B4320}"
EndProject
Project("{8BC9CEB8-8B4A-11D0-8D11-00A0C91BC942}") = "数独", "数独\数独.vcxproj", "{45619B0C-7FE1-4292-AF05-8B4F72FE1BE1}"
EndProject
Project("{8BC9CEB8-8B4A-11D0-8D11-00A0C91BC942}") = "年历", "年历\年历.vcxproj", "{3297038E-68B0-4988-82A5-7265CB9BFF0E}"
EndProject
Project("{8BC9CEB8-8B4A-11D0-8D11-00A0C91BC942}") = "人民币大写C", "人民币大写C\人民币大写C.vcxproj", "{80835BA2-E548-4067-8B1F-1B5098818117}"
EndProject
Project("{8BC9CEB8-8B4A-11D0-8D11-00A0C91BC942}") = "人民币大写", "人民币大写\人民币大写.vcxproj", "{EF2E6B48-3CFA-4FCE-9263-4B45D2CCB860}"
EndProject
Project("{8BC9CEB8-8B4A-11D0-8D11-00A0C91BC942}") = "函数复现", "函数复现\函数复现.vcxproj", "{9CDC6E2C-A810-4BF5-BFDA-36E1FFA01FBD}"
EndProject
Project("{8BC9CEB8-8B4A-11D0-8D11-00A0C91BC942}") = "检验扫雷C", "检验扫雷C\检验扫雷C.vcxproj", "{9CB9741B-E48F-49E7-87DF-4A819B233905}"
EndProject
Project("{8BC9CEB8-8B4A-11D0-8D11-00A0C91BC942}") = "扫雷", "扫雷\扫雷.vcxproj", "{4BA796CE-E1A5-4C13-8163-367F24448A6E}"
EndProject
Project("{8BC9CEB8-8B4A-11D0-8D11-00A0C91BC942}") = "三行文字", "三行文字\三行文字.vcxproj", "{B179D70F-9FC5-4092-8916-B330C0BF7E21}"
EndProject
Project("{8BC9CEB8-8B4A-11D0-8D11-00A0C91BC942}") = "学号降序 及格", "学号降序 及格\学号降序 及格.vcxproj", "{D6CAC665-75A7-453E-9105-2C0B7AFAE6B4}"
EndProject
Project("{8BC9CEB8-8B4A-11D0-8D11-00A0C91BC942}") = "5-b16-4", "5-b16-4\5-b16-4.vcxproj", "{0CE58F55-F760-43E9-9EA6-48BDAABC9A1A}"
EndProject
Project("{8BC9CEB8-8B4A-11D0-8D11-00A0C91BC942}") = "5-b16-2", "5-b16-2\5-b16-2.vcxproj", "{17EA2ED9-2625-4C2A-912C-2527EB059CEE}"
EndProject
Project("{8BC9CEB8-8B4A-11D0-8D11-00A0C91BC942}") = "5-b16-3", "5-b16-3\5-b16-3.vcxproj", "{A26D19B6-5BF1-48E9-86D9-67930BABDEBC}"
EndProject
Project("{8BC9CEB8-8B4A-11D0-8D11-00A0C91BC942}") = "生成密码", "生成密码\生成密码.vcxproj", "{263674AB-79D1-45C6-97D4-AC4A34E0BD7B}"
EndProject
Project("{8BC9CEB8-8B4A-11D0-8D11-00A0C91BC942}") = "检查密码", "检查密码\检查密码.vcxproj", "{92C4D273-85DA-472A-A88C-150771F8B69A}"
EndProject
Project("{8BC9CEB8-8B4A-11D0-8D11-00A0C91BC942}") = "test_hdc", "test_hdc\test_hdc.vcxproj", "{E83341B2-9228-4D27-84CE-2FC92BE79244}"
EndProject
Project("{8BC9CEB8-8B4A-11D0-8D11-00A0C91BC942}") = "hanoi", "hanoi\hanoi.vcxproj", "{631B52EA-4923-4F03-993E-35FDF81531E7}"
EndProject
Project("{8BC9CEB8-8B4A-11D0-8D11-00A0C91BC942}") = "6-b1", "6-b1\6-b1.vcxproj", "{843D50F0-7A66-4551-9B21-DD4B8B726F95}"
EndProject
Project("{8BC9CEB8-8B4A-11D0-8D11-00A0C91BC942}") = "6-b2", "6-b2\6-b2.vcxproj", "{FAA243FB-AF12-4C11-B2A2-FB682508115B}"
EndProject
Project("{8BC9CEB8-8B4A-11D0-8D11-00A0C91BC942}") = "6-b3", "6-b3\6-b3.vcxproj", "{C486B53B-F51C-4BE6-A6AD-2C1C2511F36C}"
EndProject
Project("{8BC9CEB8-8B4A-11D0-8D11-00A0C91BC942}") = "6-b4", "6-b4\6-b4.vcxproj", "{80186C77-2906-400E-883D-6393C06F5D33}"
EndProject
Project("{8BC9CEB8-8B4A-11D0-8D11-00A0C91BC942}") = "w15-c5-s1", "w15-c8-s1\w15-c8-s1.vcxproj", "{585CD56D-4DCF-496E-8E7E-30C9BF6FA31F}"
EndProject
Project("{8BC9CEB8-8B4A-11D0-8D11-00A0C91BC942}") = "w15-c9-s2", "w15-c9-s2\w15-c9-s2.vcxproj", "{DFF0C755-4AFE-48D4-8633-0DC76AA10505}"
EndProject
Global
	GlobalSection(SolutionConfigurationPlatforms) = preSolution
		Debug|x64 = Debug|x64
		Debug|x86 = Debug|x86
		Release|x64 = Release|x64
		Release|x86 = Release|x86
	EndGlobalSection
	GlobalSection(ProjectConfigurationPlatforms) = postSolution
		{07AF2DDC-D75A-479B-8E43-897ED5F66B67}.Debug|x64.ActiveCfg = Debug|x64
		{07AF2DDC-D75A-479B-8E43-897ED5F66B67}.Debug|x64.Build.0 = Debug|x64
		{07AF2DDC-D75A-479B-8E43-897ED5F66B67}.Debug|x86.ActiveCfg = Debug|Win32
		{07AF2DDC-D75A-479B-8E43-897ED5F66B67}.Debug|x86.Build.0 = Debug|Win32
		{07AF2DDC-D75A-479B-8E43-897ED5F66B67}.Release|x64.ActiveCfg = Release|x64
		{07AF2DDC-D75A-479B-8E43-897ED5F66B67}.Release|x64.Build.0 = Release|x64
		{07AF2DDC-D75A-479B-8E43-897ED5F66B67}.Release|x86.ActiveCfg = Release|Win32
		{07AF2DDC-D75A-479B-8E43-897ED5F66B67}.Release|x86.Build.0 = Release|Win32
		{454DA6ED-3841-4D35-832F-6937FB422380}.Debug|x64.ActiveCfg = Debug|x64
		{454DA6ED-3841-4D35-832F-6937FB422380}.Debug|x64.Build.0 = Debug|x64
		{454DA6ED-3841-4D35-832F-6937FB422380}.Debug|x86.ActiveCfg = Debug|Win32
		{454DA6ED-3841-4D35-832F-6937FB422380}.Debug|x86.Build.0 = Debug|Win32
		{454DA6ED-3841-4D35-832F-6937FB422380}.Release|x64.ActiveCfg = Release|x64
		{454DA6ED-3841-4D35-832F-6937FB422380}.Release|x64.Build.0 = Release|x64
		{454DA6ED-3841-4D35-832F-6937FB422380}.Release|x86.ActiveCfg = Release|Win32
		{454DA6ED-3841-4D35-832F-6937FB422380}.Release|x86.Build.0 = Release|Win32
		{261CD98A-F403-4F11-889D-DA78C290306A}.Debug|x64.ActiveCfg = Debug|x64
		{261CD98A-F403-4F11-889D-DA78C290306A}.Debug|x64.Build.0 = Debug|x64
		{261CD98A-F403-4F11-889D-DA78C290306A}.Debug|x86.ActiveCfg = Debug|Win32
		{261CD98A-F403-4F11-889D-DA78C290306A}.Debug|x86.Build.0 = Debug|Win32
		{261CD98A-F403-4F11-889D-DA78C290306A}.Release|x64.ActiveCfg = Release|x64
		{261CD98A-F403-4F11-889D-DA78C290306A}.Release|x64.Build.0 = Release|x64
		{261CD98A-F403-4F11-889D-DA78C290306A}.Release|x86.ActiveCfg = Release|Win32
		{261CD98A-F403-4F11-889D-DA78C290306A}.Release|x86.Build.0 = Release|Win32
		{9B287E82-06DF-414E-8509-66E81CA342D5}.Debug|x64.ActiveCfg = Debug|x64
		{9B287E82-06DF-414E-8509-66E81CA342D5}.Debug|x64.Build.0 = Debug|x64
		{9B287E82-06DF-414E-8509-66E81CA342D5}.Debug|x86.ActiveCfg = Debug|Win32
		{9B287E82-06DF-414E-8509-66E81CA342D5}.Debug|x86.Build.0 = Debug|Win32
		{9B287E82-06DF-414E-8509-66E81CA342D5}.Release|x64.ActiveCfg = Release|x64
		{9B287E82-06DF-414E-8509-66E81CA342D5}.Release|x64.Build.0 = Release|x64
		{9B287E82-06DF-414E-8509-66E81CA342D5}.Release|x86.ActiveCfg = Release|Win32
		{9B287E82-06DF-414E-8509-66E81CA342D5}.Release|x86.Build.0 = Release|Win32
		{81D28D14-A885-4254-9C95-F31778DCABD5}.Debug|x64.ActiveCfg = Debug|x64
		{81D28D14-A885-4254-9C95-F31778DCABD5}.Debug|x64.Build.0 = Debug|x64
		{81D28D14-A885-4254-9C95-F31778DCABD5}.Debug|x86.ActiveCfg = Debug|Win32
		{81D28D14-A885-4254-9C95-F31778DCABD5}.Debug|x86.Build.0 = Debug|Win32
		{81D28D14-A885-4254-9C95-F31778DCABD5}.Release|x64.ActiveCfg = Release|x64
		{81D28D14-A885-4254-9C95-F31778DCABD5}.Release|x64.Build.0 = Release|x64
		{81D28D14-A885-4254-9C95-F31778DCABD5}.Release|x86.ActiveCfg = Release|Win32
		{81D28D14-A885-4254-9C95-F31778DCABD5}.Release|x86.Build.0 = Release|Win32
		{A874B67C-16A3-437B-A1B8-C6711F6E9974}.Debug|x64.ActiveCfg = Debug|x64
		{A874B67C-16A3-437B-A1B8-C6711F6E9974}.Debug|x64.Build.0 = Debug|x64
		{A874B67C-16A3-437B-A1B8-C6711F6E9974}.Debug|x86.ActiveCfg = Debug|Win32
		{A874B67C-16A3-437B-A1B8-C6711F6E9974}.Debug|x86.Build.0 = Debug|Win32
		{A874B67C-16A3-437B-A1B8-C6711F6E9974}.Release|x64.ActiveCfg = Release|x64
		{A874B67C-16A3-437B-A1B8-C6711F6E9974}.Release|x64.Build.0 = Release|x64
		{A874B67C-16A3-437B-A1B8-C6711F6E9974}.Release|x86.ActiveCfg = Release|Win32
		{A874B67C-16A3-437B-A1B8-C6711F6E9974}.Release|x86.Build.0 = Release|Win32
		{3D42A01F-46CE-46D3-9BEC-3E4647D9266F}.Debug|x64.ActiveCfg = Debug|x64
		{3D42A01F-46CE-46D3-9BEC-3E4647D9266F}.Debug|x64.Build.0 = Debug|x64
		{3D42A01F-46CE-46D3-9BEC-3E4647D9266F}.Debug|x86.ActiveCfg = Debug|Win32
		{3D42A01F-46CE-46D3-9BEC-3E4647D9266F}.Debug|x86.Build.0 = Debug|Win32
		{3D42A01F-46CE-46D3-9BEC-3E4647D9266F}.Release|x64.ActiveCfg = Release|x64
		{3D42A01F-46CE-46D3-9BEC-3E4647D9266F}.Release|x64.Build.0 = Release|x64
		{3D42A01F-46CE-46D3-9BEC-3E4647D9266F}.Release|x86.ActiveCfg = Release|Win32
		{3D42A01F-46CE-46D3-9BEC-3E4647D9266F}.Release|x86.Build.0 = Release|Win32
		{B097E1E5-C535-4937-87F2-FAF7AD1D7211}.Debug|x64.ActiveCfg = Debug|x64
		{B097E1E5-C535-4937-87F2-FAF7AD1D7211}.Debug|x64.Build.0 = Debug|x64
		{B097E1E5-C535-4937-87F2-FAF7AD1D7211}.Debug|x86.ActiveCfg = Debug|Win32
		{B097E1E5-C535-4937-87F2-FAF7AD1D7211}.Debug|x86.Build.0 = Debug|Win32
		{B097E1E5-C535-4937-87F2-FAF7AD1D7211}.Release|x64.ActiveCfg = Release|x64
		{B097E1E5-C535-4937-87F2-FAF7AD1D7211}.Release|x64.Build.0 = Release|x64
		{B097E1E5-C535-4937-87F2-FAF7AD1D7211}.Release|x86.ActiveCfg = Release|Win32
		{B097E1E5-C535-4937-87F2-FAF7AD1D7211}.Release|x86.Build.0 = Release|Win32
		{891064D2-9C1B-46A7-8371-C573DC274C7C}.Debug|x64.ActiveCfg = Debug|x64
		{891064D2-9C1B-46A7-8371-C573DC274C7C}.Debug|x64.Build.0 = Debug|x64
		{891064D2-9C1B-46A7-8371-C573DC274C7C}.Debug|x86.ActiveCfg = Debug|Win32
		{891064D2-9C1B-46A7-8371-C573DC274C7C}.Debug|x86.Build.0 = Debug|Win32
		{891064D2-9C1B-46A7-8371-C573DC274C7C}.Release|x64.ActiveCfg = Release|x64
		{891064D2-9C1B-46A7-8371-C573DC274C7C}.Release|x64.Build.0 = Release|x64
		{891064D2-9C1B-46A7-8371-C573DC274C7C}.Release|x86.ActiveCfg = Release|Win32
		{891064D2-9C1B-46A7-8371-C573DC274C7C}.Release|x86.Build.0 = Release|Win32
		{DBD2134A-CF0B-4647-9FE6-B9C8EB3F55B7}.Debug|x64.ActiveCfg = Debug|x64
		{DBD2134A-CF0B-4647-9FE6-B9C8EB3F55B7}.Debug|x64.Build.0 = Debug|x64
		{DBD2134A-CF0B-4647-9FE6-B9C8EB3F55B7}.Debug|x86.ActiveCfg = Debug|Win32
		{DBD2134A-CF0B-4647-9FE6-B9C8EB3F55B7}.Debug|x86.Build.0 = Debug|Win32
		{DBD2134A-CF0B-4647-9FE6-B9C8EB3F55B7}.Release|x64.ActiveCfg = Release|x64
		{DBD2134A-CF0B-4647-9FE6-B9C8EB3F55B7}.Release|x64.Build.0 = Release|x64
		{DBD2134A-CF0B-4647-9FE6-B9C8EB3F55B7}.Release|x86.ActiveCfg = Release|Win32
		{DBD2134A-CF0B-4647-9FE6-B9C8EB3F55B7}.Release|x86.Build.0 = Release|Win32
		{C1F10423-6AAC-4564-A813-C126DE901DEF}.Debug|x64.ActiveCfg = Debug|x64
		{C1F10423-6AAC-4564-A813-C126DE901DEF}.Debug|x64.Build.0 = Debug|x64
		{C1F10423-6AAC-4564-A813-C126DE901DEF}.Debug|x86.ActiveCfg = Debug|Win32
		{C1F10423-6AAC-4564-A813-C126DE901DEF}.Debug|x86.Build.0 = Debug|Win32
		{C1F10423-6AAC-4564-A813-C126DE901DEF}.Release|x64.ActiveCfg = Release|x64
		{C1F10423-6AAC-4564-A813-C126DE901DEF}.Release|x64.Build.0 = Release|x64
		{C1F10423-6AAC-4564-A813-C126DE901DEF}.Release|x86.ActiveCfg = Release|Win32
		{C1F10423-6AAC-4564-A813-C126DE901DEF}.Release|x86.Build.0 = Release|Win32
		{7A7FA202-8778-443E-949A-78CB4E22819B}.Debug|x64.ActiveCfg = Debug|x64
		{7A7FA202-8778-443E-949A-78CB4E22819B}.Debug|x64.Build.0 = Debug|x64
		{7A7FA202-8778-443E-949A-78CB4E22819B}.Debug|x86.ActiveCfg = Debug|Win32
		{7A7FA202-8778-443E-949A-78CB4E22819B}.Debug|x86.Build.0 = Debug|Win32
		{7A7FA202-8778-443E-949A-78CB4E22819B}.Release|x64.ActiveCfg = Release|x64
		{7A7FA202-8778-443E-949A-78CB4E22819B}.Release|x64.Build.0 = Release|x64
		{7A7FA202-8778-443E-949A-78CB4E22819B}.Release|x86.ActiveCfg = Release|Win32
		{7A7FA202-8778-443E-949A-78CB4E22819B}.Release|x86.Build.0 = Release|Win32
		{C0288C60-10B6-404B-A4AF-857183261846}.Debug|x64.ActiveCfg = Debug|x64
		{C0288C60-10B6-404B-A4AF-857183261846}.Debug|x64.Build.0 = Debug|x64
		{C0288C60-10B6-404B-A4AF-857183261846}.Debug|x86.ActiveCfg = Debug|Win32
		{C0288C60-10B6-404B-A4AF-857183261846}.Debug|x86.Build.0 = Debug|Win32
		{C0288C60-10B6-404B-A4AF-857183261846}.Release|x64.ActiveCfg = Release|x64
		{C0288C60-10B6-404B-A4AF-857183261846}.Release|x64.Build.0 = Release|x64
		{C0288C60-10B6-404B-A4AF-857183261846}.Release|x86.ActiveCfg = Release|Win32
		{C0288C60-10B6-404B-A4AF-857183261846}.Release|x86.Build.0 = Release|Win32
		{8A133990-7D5D-4A02-AEA2-EAC73C5B4320}.Debug|x64.ActiveCfg = Debug|x64
		{8A133990-7D5D-4A02-AEA2-EAC73C5B4320}.Debug|x64.Build.0 = Debug|x64
		{8A133990-7D5D-4A02-AEA2-EAC73C5B4320}.Debug|x86.ActiveCfg = Debug|Win32
		{8A133990-7D5D-4A02-AEA2-EAC73C5B4320}.Debug|x86.Build.0 = Debug|Win32
		{8A133990-7D5D-4A02-AEA2-EAC73C5B4320}.Release|x64.ActiveCfg = Release|x64
		{8A133990-7D5D-4A02-AEA2-EAC73C5B4320}.Release|x64.Build.0 = Release|x64
		{8A133990-7D5D-4A02-AEA2-EAC73C5B4320}.Release|x86.ActiveCfg = Release|Win32
		{8A133990-7D5D-4A02-AEA2-EAC73C5B4320}.Release|x86.Build.0 = Release|Win32
		{45619B0C-7FE1-4292-AF05-8B4F72FE1BE1}.Debug|x64.ActiveCfg = Debug|x64
		{45619B0C-7FE1-4292-AF05-8B4F72FE1BE1}.Debug|x64.Build.0 = Debug|x64
		{45619B0C-7FE1-4292-AF05-8B4F72FE1BE1}.Debug|x86.ActiveCfg = Debug|Win32
		{45619B0C-7FE1-4292-AF05-8B4F72FE1BE1}.Debug|x86.Build.0 = Debug|Win32
		{45619B0C-7FE1-4292-AF05-8B4F72FE1BE1}.Release|x64.ActiveCfg = Release|x64
		{45619B0C-7FE1-4292-AF05-8B4F72FE1BE1}.Release|x64.Build.0 = Release|x64
		{45619B0C-7FE1-4292-AF05-8B4F72FE1BE1}.Release|x86.ActiveCfg = Release|Win32
		{45619B0C-7FE1-4292-AF05-8B4F72FE1BE1}.Release|x86.Build.0 = Release|Win32
		{3297038E-68B0-4988-82A5-7265CB9BFF0E}.Debug|x64.ActiveCfg = Debug|x64
		{3297038E-68B0-4988-82A5-7265CB9BFF0E}.Debug|x64.Build.0 = Debug|x64
		{3297038E-68B0-4988-82A5-7265CB9BFF0E}.Debug|x86.ActiveCfg = Debug|Win32
		{3297038E-68B0-4988-82A5-7265CB9BFF0E}.Debug|x86.Build.0 = Debug|Win32
		{3297038E-68B0-4988-82A5-7265CB9BFF0E}.Release|x64.ActiveCfg = Release|x64
		{3297038E-68B0-4988-82A5-7265CB9BFF0E}.Release|x64.Build.0 = Release|x64
		{3297038E-68B0-4988-82A5-7265CB9BFF0E}.Release|x86.ActiveCfg = Release|Win32
		{3297038E-68B0-4988-82A5-7265CB9BFF0E}.Release|x86.Build.0 = Release|Win32
		{80835BA2-E548-4067-8B1F-1B5098818117}.Debug|x64.ActiveCfg = Debug|x64
		{80835BA2-E548-4067-8B1F-1B5098818117}.Debug|x64.Build.0 = Debug|x64
		{80835BA2-E548-4067-8B1F-1B5098818117}.Debug|x86.ActiveCfg = Debug|Win32
		{80835BA2-E548-4067-8B1F-1B5098818117}.Debug|x86.Build.0 = Debug|Win32
		{80835BA2-E548-4067-8B1F-1B5098818117}.Release|x64.ActiveCfg = Release|x64
		{80835BA2-E548-4067-8B1F-1B5098818117}.Release|x64.Build.0 = Release|x64
		{80835BA2-E548-4067-8B1F-1B5098818117}.Release|x86.ActiveCfg = Release|Win32
		{80835BA2-E548-4067-8B1F-1B5098818117}.Release|x86.Build.0 = Release|Win32
		{EF2E6B48-3CFA-4FCE-9263-4B45D2CCB860}.Debug|x64.ActiveCfg = Debug|x64
		{EF2E6B48-3CFA-4FCE-9263-4B45D2CCB860}.Debug|x64.Build.0 = Debug|x64
		{EF2E6B48-3CFA-4FCE-9263-4B45D2CCB860}.Debug|x86.ActiveCfg = Debug|Win32
		{EF2E6B48-3CFA-4FCE-9263-4B45D2CCB860}.Debug|x86.Build.0 = Debug|Win32
		{EF2E6B48-3CFA-4FCE-9263-4B45D2CCB860}.Release|x64.ActiveCfg = Release|x64
		{EF2E6B48-3CFA-4FCE-9263-4B45D2CCB860}.Release|x64.Build.0 = Release|x64
		{EF2E6B48-3CFA-4FCE-9263-4B45D2CCB860}.Release|x86.ActiveCfg = Release|Win32
		{EF2E6B48-3CFA-4FCE-9263-4B45D2CCB860}.Release|x86.Build.0 = Release|Win32
		{9CDC6E2C-A810-4BF5-BFDA-36E1FFA01FBD}.Debug|x64.ActiveCfg = Debug|x64
		{9CDC6E2C-A810-4BF5-BFDA-36E1FFA01FBD}.Debug|x64.Build.0 = Debug|x64
		{9CDC6E2C-A810-4BF5-BFDA-36E1FFA01FBD}.Debug|x86.ActiveCfg = Debug|Win32
		{9CDC6E2C-A810-4BF5-BFDA-36E1FFA01FBD}.Debug|x86.Build.0 = Debug|Win32
		{9CDC6E2C-A810-4BF5-BFDA-36E1FFA01FBD}.Release|x64.ActiveCfg = Release|x64
		{9CDC6E2C-A810-4BF5-BFDA-36E1FFA01FBD}.Release|x64.Build.0 = Release|x64
		{9CDC6E2C-A810-4BF5-BFDA-36E1FFA01FBD}.Release|x86.ActiveCfg = Release|Win32
		{9CDC6E2C-A810-4BF5-BFDA-36E1FFA01FBD}.Release|x86.Build.0 = Release|Win32
		{9CB9741B-E48F-49E7-87DF-4A819B233905}.Debug|x64.ActiveCfg = Debug|x64
		{9CB9741B-E48F-49E7-87DF-4A819B233905}.Debug|x64.Build.0 = Debug|x64
		{9CB9741B-E48F-49E7-87DF-4A819B233905}.Debug|x86.ActiveCfg = Debug|Win32
		{9CB9741B-E48F-49E7-87DF-4A819B233905}.Debug|x86.Build.0 = Debug|Win32
		{9CB9741B-E48F-49E7-87DF-4A819B233905}.Release|x64.ActiveCfg = Release|x64
		{9CB9741B-E48F-49E7-87DF-4A819B233905}.Release|x64.Build.0 = Release|x64
		{9CB9741B-E48F-49E7-87DF-4A819B233905}.Release|x86.ActiveCfg = Release|Win32
		{9CB9741B-E48F-49E7-87DF-4A819B233905}.Release|x86.Build.0 = Release|Win32
		{4BA796CE-E1A5-4C13-8163-367F24448A6E}.Debug|x64.ActiveCfg = Debug|x64
		{4BA796CE-E1A5-4C13-8163-367F24448A6E}.Debug|x64.Build.0 = Debug|x64
		{4BA796CE-E1A5-4C13-8163-367F24448A6E}.Debug|x86.ActiveCfg = Debug|Win32
		{4BA796CE-E1A5-4C13-8163-367F24448A6E}.Debug|x86.Build.0 = Debug|Win32
		{4BA796CE-E1A5-4C13-8163-367F24448A6E}.Release|x64.ActiveCfg = Release|x64
		{4BA796CE-E1A5-4C13-8163-367F24448A6E}.Release|x64.Build.0 = Release|x64
		{4BA796CE-E1A5-4C13-8163-367F24448A6E}.Release|x86.ActiveCfg = Release|Win32
		{4BA796CE-E1A5-4C13-8163-367F24448A6E}.Release|x86.Build.0 = Release|Win32
		{B179D70F-9FC5-4092-8916-B330C0BF7E21}.Debug|x64.ActiveCfg = Debug|x64
		{B179D70F-9FC5-4092-8916-B330C0BF7E21}.Debug|x64.Build.0 = Debug|x64
		{B179D70F-9FC5-4092-8916-B330C0BF7E21}.Debug|x86.ActiveCfg = Debug|Win32
		{B179D70F-9FC5-4092-8916-B330C0BF7E21}.Debug|x86.Build.0 = Debug|Win32
		{B179D70F-9FC5-4092-8916-B330C0BF7E21}.Release|x64.ActiveCfg = Release|x64
		{B179D70F-9FC5-4092-8916-B330C0BF7E21}.Release|x64.Build.0 = Release|x64
		{B179D70F-9FC5-4092-8916-B330C0BF7E21}.Release|x86.ActiveCfg = Release|Win32
		{B179D70F-9FC5-4092-8916-B330C0BF7E21}.Release|x86.Build.0 = Release|Win32
		{D6CAC665-75A7-453E-9105-2C0B7AFAE6B4}.Debug|x64.ActiveCfg = Debug|x64
		{D6CAC665-75A7-453E-9105-2C0B7AFAE6B4}.Debug|x64.Build.0 = Debug|x64
		{D6CAC665-75A7-453E-9105-2C0B7AFAE6B4}.Debug|x86.ActiveCfg = Debug|Win32
		{D6CAC665-75A7-453E-9105-2C0B7AFAE6B4}.Debug|x86.Build.0 = Debug|Win32
		{D6CAC665-75A7-453E-9105-2C0B7AFAE6B4}.Release|x64.ActiveCfg = Release|x64
		{D6CAC665-75A7-453E-9105-2C0B7AFAE6B4}.Release|x64.Build.0 = Release|x64
		{D6CAC665-75A7-453E-9105-2C0B7AFAE6B4}.Release|x86.ActiveCfg = Release|Win32
		{D6CAC665-75A7-453E-9105-2C0B7AFAE6B4}.Release|x86.Build.0 = Release|Win32
		{0CE58F55-F760-43E9-9EA6-48BDAABC9A1A}.Debug|x64.ActiveCfg = Debug|x64
		{0CE58F55-F760-43E9-9EA6-48BDAABC9A1A}.Debug|x64.Build.0 = Debug|x64
		{0CE58F55-F760-43E9-9EA6-48BDAABC9A1A}.Debug|x86.ActiveCfg = Debug|Win32
		{0CE58F55-F760-43E9-9EA6-48BDAABC9A1A}.Debug|x86.Build.0 = Debug|Win32
		{0CE58F55-F760-43E9-9EA6-48BDAABC9A1A}.Release|x64.ActiveCfg = Release|x64
		{0CE58F55-F760-43E9-9EA6-48BDAABC9A1A}.Release|x64.Build.0 = Release|x64
		{0CE58F55-F760-43E9-9EA6-48BDAABC9A1A}.Release|x86.ActiveCfg = Release|Win32
		{0CE58F55-F760-43E9-9EA6-48BDAABC9A1A}.Release|x86.Build.0 = Release|Win32
		{17EA2ED9-2625-4C2A-912C-2527EB059CEE}.Debug|x64.ActiveCfg = Debug|x64
		{17EA2ED9-2625-4C2A-912C-2527EB059CEE}.Debug|x64.Build.0 = Debug|x64
		{17EA2ED9-2625-4C2A-912C-2527EB059CEE}.Debug|x86.ActiveCfg = Debug|Win32
		{17EA2ED9-2625-4C2A-912C-2527EB059CEE}.Debug|x86.Build.0 = Debug|Win32
		{17EA2ED9-2625-4C2A-912C-2527EB059CEE}.Release|x64.ActiveCfg = Release|x64
		{17EA2ED9-2625-4C2A-912C-2527EB059CEE}.Release|x64.Build.0 = Release|x64
		{17EA2ED9-2625-4C2A-912C-2527EB059CEE}.Release|x86.ActiveCfg = Release|Win32
		{17EA2ED9-2625-4C2A-912C-2527EB059CEE}.Release|x86.Build.0 = Release|Win32
		{A26D19B6-5BF1-48E9-86D9-67930BABDEBC}.Debug|x64.ActiveCfg = Debug|x64
		{A26D19B6-5BF1-48E9-86D9-67930BABDEBC}.Debug|x64.Build.0 = Debug|x64
		{A26D19B6-5BF1-48E9-86D9-67930BABDEBC}.Debug|x86.ActiveCfg = Debug|Win32
		{A26D19B6-5BF1-48E9-86D9-67930BABDEBC}.Debug|x86.Build.0 = Debug|Win32
		{A26D19B6-5BF1-48E9-86D9-67930BABDEBC}.Release|x64.ActiveCfg = Release|x64
		{A26D19B6-5BF1-48E9-86D9-67930BABDEBC}.Release|x64.Build.0 = Release|x64
		{A26D19B6-5BF1-48E9-86D9-67930BABDEBC}.Release|x86.ActiveCfg = Release|Win32
		{A26D19B6-5BF1-48E9-86D9-67930BABDEBC}.Release|x86.Build.0 = Release|Win32
		{263674AB-79D1-45C6-97D4-AC4A34E0BD7B}.Debug|x64.ActiveCfg = Debug|x64
		{263674AB-79D1-45C6-97D4-AC4A34E0BD7B}.Debug|x64.Build.0 = Debug|x64
		{263674AB-79D1-45C6-97D4-AC4A34E0BD7B}.Debug|x86.ActiveCfg = Debug|Win32
		{263674AB-79D1-45C6-97D4-AC4A34E0BD7B}.Debug|x86.Build.0 = Debug|Win32
		{263674AB-79D1-45C6-97D4-AC4A34E0BD7B}.Release|x64.ActiveCfg = Release|x64
		{263674AB-79D1-45C6-97D4-AC4A34E0BD7B}.Release|x64.Build.0 = Release|x64
		{263674AB-79D1-45C6-97D4-AC4A34E0BD7B}.Release|x86.ActiveCfg = Release|Win32
		{263674AB-79D1-45C6-97D4-AC4A34E0BD7B}.Release|x86.Build.0 = Release|Win32
		{92C4D273-85DA-472A-A88C-150771F8B69A}.Debug|x64.ActiveCfg = Debug|x64
		{92C4D273-85DA-472A-A88C-150771F8B69A}.Debug|x64.Build.0 = Debug|x64
		{92C4D273-85DA-472A-A88C-150771F8B69A}.Debug|x86.ActiveCfg = Debug|Win32
		{92C4D273-85DA-472A-A88C-150771F8B69A}.Debug|x86.Build.0 = Debug|Win32
		{92C4D273-85DA-472A-A88C-150771F8B69A}.Release|x64.ActiveCfg = Release|x64
		{92C4D273-85DA-472A-A88C-150771F8B69A}.Release|x64.Build.0 = Release|x64
		{92C4D273-85DA-472A-A88C-150771F8B69A}.Release|x86.ActiveCfg = Release|Win32
		{92C4D273-85DA-472A-A88C-150771F8B69A}.Release|x86.Build.0 = Release|Win32
		{E83341B2-9228-4D27-84CE-2FC92BE79244}.Debug|x64.ActiveCfg = Debug|x64
		{E83341B2-9228-4D27-84CE-2FC92BE79244}.Debug|x64.Build.0 = Debug|x64
		{E83341B2-9228-4D27-84CE-2FC92BE79244}.Debug|x86.ActiveCfg = Debug|Win32
		{E83341B2-9228-4D27-84CE-2FC92BE79244}.Debug|x86.Build.0 = Debug|Win32
		{E83341B2-9228-4D27-84CE-2FC92BE79244}.Release|x64.ActiveCfg = Release|x64
		{E83341B2-9228-4D27-84CE-2FC92BE79244}.Release|x64.Build.0 = Release|x64
		{E83341B2-9228-4D27-84CE-2FC92BE79244}.Release|x86.ActiveCfg = Release|Win32
		{E83341B2-9228-4D27-84CE-2FC92BE79244}.Release|x86.Build.0 = Release|Win32
		{631B52EA-4923-4F03-993E-35FDF81531E7}.Debug|x64.ActiveCfg = Debug|x64
		{631B52EA-4923-4F03-993E-35FDF81531E7}.Debug|x64.Build.0 = Debug|x64
		{631B52EA-4923-4F03-993E-35FDF81531E7}.Debug|x86.ActiveCfg = Debug|Win32
		{631B52EA-4923-4F03-993E-35FDF81531E7}.Debug|x86.Build.0 = Debug|Win32
		{631B52EA-4923-4F03-993E-35FDF81531E7}.Release|x64.ActiveCfg = Release|x64
		{631B52EA-4923-4F03-993E-35FDF81531E7}.Release|x64.Build.0 = Release|x64
		{631B52EA-4923-4F03-993E-35FDF81531E7}.Release|x86.ActiveCfg = Release|Win32
		{631B52EA-4923-4F03-993E-35FDF81531E7}.Release|x86.Build.0 = Release|Win32
		{843D50F0-7A66-4551-9B21-DD4B8B726F95}.Debug|x64.ActiveCfg = Debug|x64
		{843D50F0-7A66-4551-9B21-DD4B8B726F95}.Debug|x64.Build.0 = Debug|x64
		{843D50F0-7A66-4551-9B21-DD4B8B726F95}.Debug|x86.ActiveCfg = Debug|Win32
		{843D50F0-7A66-4551-9B21-DD4B8B726F95}.Debug|x86.Build.0 = Debug|Win32
		{843D50F0-7A66-4551-9B21-DD4B8B726F95}.Release|x64.ActiveCfg = Release|x64
		{843D50F0-7A66-4551-9B21-DD4B8B726F95}.Release|x64.Build.0 = Release|x64
		{843D50F0-7A66-4551-9B21-DD4B8B726F95}.Release|x86.ActiveCfg = Release|Win32
		{843D50F0-7A66-4551-9B21-DD4B8B726F95}.Release|x86.Build.0 = Release|Win32
		{FAA243FB-AF12-4C11-B2A2-FB682508115B}.Debug|x64.ActiveCfg = Debug|x64
		{FAA243FB-AF12-4C11-B2A2-FB682508115B}.Debug|x64.Build.0 = Debug|x64
		{FAA243FB-AF12-4C11-B2A2-FB682508115B}.Debug|x86.ActiveCfg = Debug|Win32
		{FAA243FB-AF12-4C11-B2A2-FB682508115B}.Debug|x86.Build.0 = Debug|Win32
		{FAA243FB-AF12-4C11-B2A2-FB682508115B}.Release|x64.ActiveCfg = Release|x64
		{FAA243FB-AF12-4C11-B2A2-FB682508115B}.Release|x64.Build.0 = Release|x64
		{FAA243FB-AF12-4C11-B2A2-FB682508115B}.Release|x86.ActiveCfg = Release|Win32
		{FAA243FB-AF12-4C11-B2A2-FB682508115B}.Release|x86.Build.0 = Release|Win32
		{C486B53B-F51C-4BE6-A6AD-2C1C2511F36C}.Debug|x64.ActiveCfg = Debug|x64
		{C486B53B-F51C-4BE6-A6AD-2C1C2511F36C}.Debug|x64.Build.0 = Debug|x64
		{C486B53B-F51C-4BE6-A6AD-2C1C2511F36C}.Debug|x86.ActiveCfg = Debug|Win32
		{C486B53B-F51C-4BE6-A6AD-2C1C2511F36C}.Debug|x86.Build.0 = Debug|Win32
		{C486B53B-F51C-4BE6-A6AD-2C1C2511F36C}.Release|x64.ActiveCfg = Release|x64
		{C486B53B-F51C-4BE6-A6AD-2C1C2511F36C}.Release|x64.Build.0 = Release|x64
		{C486B53B-F51C-4BE6-A6AD-2C1C2511F36C}.Release|x86.ActiveCfg = Release|Win32
		{C486B53B-F51C-4BE6-A6AD-2C1C2511F36C}.Release|x86.Build.0 = Release|Win32
		{80186C77-2906-400E-883D-6393C06F5D33}.Debug|x64.ActiveCfg = Debug|x64
		{80186C77-2906-400E-883D-6393C06F5D33}.Debug|x64.Build.0 = Debug|x64
		{80186C77-2906-400E-883D-6393C06F5D33}.Debug|x86.ActiveCfg = Debug|Win32
		{80186C77-2906-400E-883D-6393C06F5D33}.Debug|x86.Build.0 = Debug|Win32
		{80186C77-2906-400E-883D-6393C06F5D33}.Release|x64.ActiveCfg = Release|x64
		{80186C77-2906-400E-883D-6393C06F5D33}.Release|x64.Build.0 = Release|x64
		{80186C77-2906-400E-883D-6393C06F5D33}.Release|x86.ActiveCfg = Release|Win32
		{80186C77-2906-400E-883D-6393C06F5D33}.Release|x86.Build.0 = Release|Win32
		{585CD56D-4DCF-496E-8E7E-30C9BF6FA31F}.Debug|x64.ActiveCfg = Debug|x64
		{585CD56D-4DCF-496E-8E7E-30C9BF6FA31F}.Debug|x64.Build.0 = Debug|x64
		{585CD56D-4DCF-496E-8E7E-30C9BF6FA31F}.Debug|x86.ActiveCfg = Debug|Win32
		{585CD56D-4DCF-496E-8E7E-30C9BF6FA31F}.Debug|x86.Build.0 = Debug|Win32
		{585CD56D-4DCF-496E-8E7E-30C9BF6FA31F}.Release|x64.ActiveCfg = Release|x64
		{585CD56D-4DCF-496E-8E7E-30C9BF6FA31F}.Release|x64.Build.0 = Release|x64
		{585CD56D-4DCF-496E-8E7E-30C9BF6FA31F}.Release|x86.ActiveCfg = Release|Win32
		{585CD56D-4DCF-496E-8E7E-30C9BF6FA31F}.Release|x86.Build.0 = Release|Win32
		{DFF0C755-4AFE-48D4-8633-0DC76AA10505}.Debug|x64.ActiveCfg = Debug|x64
		{DFF0C755-4AFE-48D4-8633-0DC76AA10505}.Debug|x64.Build.0 = Debug|x64
		{DFF0C755-4AFE-48D4-8633-0DC76AA10505}.Debug|x86.ActiveCfg = Debug|Win32
		{DFF0C755-4AFE-48D4-8633-0DC76AA10505}.Debug|x86.Build.0 = Debug|Win32
		{DFF0C755-4AFE-48D4-8633-0DC76AA10505}.Release|x64.ActiveCfg = Release|x64
		{DFF0C755-4AFE-48D4-8633-0DC76AA10505}.Release|x64.Build.0 = Release|x64
		{DFF0C755-4AFE-48D4-8633-0DC76AA10505}.Release|x86.ActiveCfg = Release|Win32
		{DFF0C755-4AFE-48D4-8633-0DC76AA10505}.Release|x86.Build.0 = Release|Win32
	EndGlobalSection
	GlobalSection(SolutionProperties) = preSolution
		HideSolutionNode = FALSE
	EndGlobalSection
	GlobalSection(ExtensibilityGlobals) = postSolution
		SolutionGuid = {80174937-EDCB-4EE5-8922-4164846DB6A0}
	EndGlobalSection
EndGlobal
